Microsoft Visual Studio Solution File, Format Version 12.00
# Visual Studio Version 17
VisualStudioVersion = 17.5.2.0
MinimumVisualStudioVersion = 10.0.40219.1
Project("{FAE04EC0-301F-11D3-BF4B-00C04F79EFBC}") = "LR3", "LR3.csproj", "{94D5DDA7-3770-A0BE-7543-00A7353BECEB}"
EndProject
Global
	GlobalSection(SolutionConfigurationPlatforms) = preSolution
		Debug|Any CPU = Debug|Any CPU
		Release|Any CPU = Release|Any CPU
	EndGlobalSection
	GlobalSection(ProjectConfigurationPlatforms) = postSolution
		{94D5DDA7-3770-A0BE-7543-00A7353BECEB}.Debug|Any CPU.ActiveCfg = Debug|Any CPU
		{94D5DDA7-3770-A0BE-7543-00A7353BECEB}.Debug|Any CPU.Build.0 = Debug|Any CPU
		{94D5DDA7-3770-A0BE-7543-00A7353BECEB}.Release|Any CPU.ActiveCfg = Release|Any CPU
		{94D5DDA7-3770-A0BE-7543-00A7353BECEB}.Release|Any CPU.Build.0 = Release|Any CPU
	EndGlobalSection
	GlobalSection(SolutionProperties) = preSolution
		HideSolutionNode = FALSE
	EndGlobalSection
	GlobalSection(ExtensibilityGlobals) = postSolution
		SolutionGuid = {ECA6CD0A-D633-47FF-B6BD-54E594E7ED14}
	EndGlobalSection
EndGlobal
